# @generated - this file is auto-generated by `mise lock` https://mise.jdx.dev/dev-tools/mise-lock.html

[[tools."cargo:cargo-deny"]]
version = "0.20.2"
backend = "cargo:cargo-deny"

[[tools."cargo:cargo-nextest"]]
version = "0.9.140"
backend = "cargo:cargo-nextest"

[[tools.cmake]]
version = "4.3.3"
backend = "aqua:Kitware/CMake"

[tools.cmake."platforms.linux-arm64"]
checksum = "sha256:9ea38356dbd3e32e51029a3e09a0f2f8e117ef4fbcaad7a21ffb36409bbd5cb4"
url = "https://github.com/Kitware/CMake/releases/download/v4.3.3/cmake-4.3.3-linux-aarch64.tar.gz"
url_api = "https://api.github.com/repos/Kitware/CMake/releases/assets/426406946"

[tools.cmake."platforms.linux-arm64-musl"]
checksum = "sha256:9ea38356dbd3e32e51029a3e09a0f2f8e117ef4fbcaad7a21ffb36409bbd5cb4"
url = "https://github.com/Kitware/CMake/releases/download/v4.3.3/cmake-4.3.3-linux-aarch64.tar.gz"
url_api = "https://api.github.com/repos/Kitware/CMake/releases/assets/426406946"

[tools.cmake."platforms.linux-x64"]
checksum = "sha256:927b2368a946c37269c3a66225ab00544e756459cdd0b5d0da438694fb9ff802"
url = "https://github.com/Kitware/CMake/releases/download/v4.3.3/cmake-4.3.3-linux-x86_64.tar.gz"
url_api = "https://api.github.com/repos/Kitware/CMake/releases/assets/426407023"

[tools.cmake."platforms.linux-x64-musl"]
checksum = "sha256:927b2368a946c37269c3a66225ab00544e756459cdd0b5d0da438694fb9ff802"
url = "https://github.com/Kitware/CMake/releases/download/v4.3.3/cmake-4.3.3-linux-x86_64.tar.gz"
url_api = "https://api.github.com/repos/Kitware/CMake/releases/assets/426407023"

[tools.cmake."platforms.macos-arm64"]
checksum = "sha256:5221a13450c7a0219a2a0d1b6c9085eb06489721fafd8488ccebc1584175d2fb"
url = "https://github.com/Kitware/CMake/releases/download/v4.3.3/cmake-4.3.3-macos-universal.tar.gz"
url_api = "https://api.github.com/repos/Kitware/CMake/releases/assets/426407094"

[tools.cmake."platforms.macos-x64"]
checksum = "sha256:5221a13450c7a0219a2a0d1b6c9085eb06489721fafd8488ccebc1584175d2fb"
url = "https://github.com/Kitware/CMake/releases/download/v4.3.3/cmake-4.3.3-macos-universal.tar.gz"
url_api = "https://api.github.com/repos/Kitware/CMake/releases/assets/426407094"

[tools.cmake."platforms.windows-x64"]
checksum = "sha256:935ade9e5e8723583c07f44c5592cea2a1c8f65c56ca7e07b34c025c880e0bd6"
url = "https://github.com/Kitware/CMake/releases/download/v4.3.3/cmake-4.3.3-windows-x86_64.zip"
url_api = "https://api.github.com/repos/Kitware/CMake/releases/assets/426407532"

[[tools.rust]]
version = "1.97.1"
backend = "core:rust"
